// !$*UTF8*$!
{
	archiveVersion = 1;
	classes = {
	};
	objectVersion = 46;
	objects = {

/* Begin PBXBuildFile section */
		3195EE4219BF084100A483D0 /* main.m in Sources */ = {isa = PBXBuildFile; fileRef = 3195EE4119BF084100A483D0 /* main.m */; };
		3195EE4519BF084100A483D0 /* AppDelegate.m in Sources */ = {isa = PBXBuildFile; fileRef = 3195EE4419BF084100A483D0 /* AppDelegate.m */; };
		3195EE4819BF084100A483D0 /* ViewController.m in Sources */ = {isa = PBXBuildFile; fileRef = 3195EE4719BF084100A483D0 /* ViewController.m */; };
		3195EE4B19BF084100A483D0 /* Main.storyboard in Resources */ = {isa = PBXBuildFile; fileRef = 3195EE4919BF084100A483D0 /* Main.storyboard */; };
		3195EE4D19BF084100A483D0 /* Images.xcassets in Resources */ = {isa = PBXBuildFile; fileRef = 3195EE4C19BF084100A483D0 /* Images.xcassets */; };
		3195EE5919BF084100A483D0 /* TouchIDExampleTests.m in Sources */ = {isa = PBXBuildFile; fileRef = 3195EE5819BF084100A483D0 /* TouchIDExampleTests.m */; };
/* End PBXBuildFile section */

/* Begin PBXContainerItemProxy section */
		3195EE5319BF084100A483D0 /* PBXContainerItemProxy */ = {
			isa = PBXContainerItemProxy;
			containerPortal = 3195EE3419BF084100A483D0 /* Project object */;
			proxyType = 1;
			remoteGlobalIDString = 3195EE3B19BF084100A483D0;
			remoteInfo = TouchIDExample;
		};
/* End PBXContainerItemProxy section */

/* Begin PBXFileReference section */
		3195EE3C19BF084100A483D0 /* TouchIDExample.app */ = {isa = PBXFileReference; explicitFileType = wrapper.application; includeInIndex = 0; path = TouchIDExample.app; sourceTree = BUILT_PRODUCTS_DIR; };
		3195EE4019BF084100A483D0 /* Info.plist */ = {isa = PBXFileReference; lastKnownFileType = text.plist.xml; path = Info.plist; sourceTree = "<group>"; };
		3195EE4119BF084100A483D0 /* main.m */ = {isa = PBXFileReference; lastKnownFileType = sourcecode.c.objc; path = main.m; sourceTree = "<group>"; };
		3195EE4319BF084100A483D0 /* AppDelegate.h */ = {isa = PBXFileReference; lastKnownFileType = sourcecode.c.h; path = AppDelegate.h; sourceTree = "<group>"; };
		3195EE4419BF084100A483D0 /* AppDelegate.m */ = {isa = PBXFileReference; lastKnownFileType = sourcecode.c.objc; path = AppDelegate.m; sourceTree = "<group>"; };
		3195EE4619BF084100A483D0 /* ViewController.h */ = {isa = PBXFileReference; lastKnownFileType = sourcecode.c.h; path = ViewController.h; sourceTree = "<group>"; };
		3195EE4719BF084100A483D0 /* ViewController.m */ = {isa = PBXFileReference; lastKnownFileType = sourcecode.c.objc; path = ViewController.m; sourceTree = "<group>"; };
		3195EE4A19BF084100A483D0 /* Base */ = {isa = PBXFileReference; lastKnownFileType = file.storyboard; name = Base; path = Base.lproj/Main.storyboard; sourceTree = "<group>"; };
		3195EE4C19BF084100A483D0 /* Images.xcassets */ = {isa = PBXFileReference; lastKnownFileType = folder.assetcatalog; path = Images.xcassets; sourceTree = "<group>"; };
		3195EE5219BF084100A483D0 /* TouchIDExampleTests.xctest */ = {isa = PBXFileReference; explicitFileType = wrapper.cfbundle; includeInIndex = 0; path = TouchIDExampleTests.xctest; sourceTree = BUILT_PRODUCTS_DIR; };
		3195EE5719BF084100A483D0 /* Info.plist */ = {isa = PBXFileReference; lastKnownFileType = text.plist.xml; path = Info.plist; sourceTree = "<group>"; };
		3195EE5819BF084100A483D0 /* TouchIDExampleTests.m */ = {isa = PBXFileReference; lastKnownFileType = sourcecode.c.objc; path = TouchIDExampleTests.m; sourceTree = "<group>"; };
/* End PBXFileReference section */

/* Begin PBXFrameworksBuildPhase section */
		3195EE3919BF084100A483D0 /* Frameworks */ = {
			isa = PBXFrameworksBuildPhase;
			buildActionMask = 2147483647;
			files = (
			);
			runOnlyForDeploymentPostprocessing = 0;
		};
		3195EE4F19BF084100A483D0 /* Frameworks */ = {
			isa = PBXFrameworksBuildPhase;
			buildActionMask = 2147483647;
			files = (
			);
			runOnlyForDeploymentPostprocessing = 0;
		};
/* End PBXFrameworksBuildPhase section */

/* Begin PBXGroup section */
		3195EE3319BF084100A483D0 = {
			isa = PBXGroup;
			children = (
				3195EE3E19BF084100A483D0 /* TouchIDExample */,
				3195EE5519BF084100A483D0 /* TouchIDExampleTests */,
				3195EE3D19BF084100A483D0 /* Products */,
			);
			sourceTree = "<group>";
		};
		3195EE3D19BF084100A483D0 /* Products */ = {
			isa = PBXGroup;
			children = (
				3195EE3C19BF084100A483D0 /* TouchIDExample.app */,
				3195EE5219BF084100A483D0 /* TouchIDExampleTests.xctest */,
			);
			name = Products;
			sourceTree = "<group>";
		};
		3195EE3E19BF084100A483D0 /* TouchIDExample */ = {
			isa = PBXGroup;
			children = (
				3195EE4319BF084100A483D0 /* AppDelegate.h */,
				3195EE4419BF084100A483D0 /* AppDelegate.m */,
				3195EE4619BF084100A483D0 /* ViewController.h */,
				3195EE4719BF084100A483D0 /* ViewController.m */,
				3195EE4919BF084100A483D0 /* Main.storyboard */,
				3195EE4C19BF084100A483D0 /* Images.xcassets */,
				3195EE3F19BF084100A483D0 /* Supporting Files */,
			);
			path = TouchIDExample;
			sourceTree = "<group>";
		};
		3195EE3F19BF084100A483D0 /* Supporting Files */ = {
			isa = PBXGroup;
			children = (
				3195EE4019BF084100A483D0 /* Info.plist */,
				3195EE4119BF084100A483D0 /* main.m */,
			);
			name = "Supporting Files";
			sourceTree = "<group>";
		};
		3195EE5519BF084100A483D0 /* TouchIDExampleTests */ = {
			isa = PBXGroup;
			children = (
				3195EE5819BF084100A483D0 /* TouchIDExampleTests.m */,
				3195EE5619BF084100A483D0 /* Supporting Files */,
			);
			path = TouchIDExampleTests;
			sourceTree = "<group>";
		};
		3195EE5619BF084100A483D0 /* Supporting Files */ = {
			isa = PBXGroup;
			children = (
				3195EE5719BF084100A483D0 /* Info.plist */,
			);
			name = "Supporting Files";
			sourceTree = "<group>";
		};
/* End PBXGroup section */

/* Begin PBXNativeTarget section */
		3195EE3B19BF084100A483D0 /* TouchIDExample */ = {
			isa = PBXNativeTarget;
			buildConfigurationList = 3195EE5C19BF084100A483D0 /* Build configuration list for PBXNativeTarget "TouchIDExample" */;
			buildPhases = (
				3195EE3819BF084100A483D0 /* Sources */,
				3195EE3919BF084100A483D0 /* Frameworks */,
				3195EE3A19BF084100A483D0 /* Resources */,
			);
			buildRules = (
			);
			dependencies = (
			);
			name = TouchIDExample;
			productName = TouchIDExample;
			productReference = 3195EE3C19BF084100A483D0 /* TouchIDExample.app */;
			productType = "com.apple.product-type.application";
		};
		3195EE5119BF084100A483D0 /* TouchIDExampleTests */ = {
			isa = PBXNativeTarget;
			buildConfigurationList = 3195EE5F19BF084100A483D0 /* Build configuration list for PBXNativeTarget "TouchIDExampleTests" */;
			buildPhases = (
				3195EE4E19BF084100A483D0 /* Sources */,
				3195EE4F19BF084100A483D0 /* Frameworks */,
				3195EE5019BF084100A483D0 /* Resources */,
			);
			buildRules = (
			);
			dependencies = (
				3195EE5419BF084100A483D0 /* PBXTargetDependency */,
			);
			name = TouchIDExampleTests;
			productName = TouchIDExampleTests;
			productReference = 3195EE5219BF084100A483D0 /* TouchIDExampleTests.xctest */;
			productType = "com.apple.product-type.bundle.unit-test";
		};
/* End PBXNativeTarget section */

/* Begin PBXProject section */
		3195EE3419BF084100A483D0 /* Project object */ = {
			isa = PBXProject;
			attributes = {
				LastUpgradeCheck = 0600;
				ORGANIZATIONNAME = AMA;
				TargetAttributes = {
					3195EE3B19BF084100A483D0 = {
						CreatedOnToolsVersion = 6.0;
					};
					3195EE5119BF084100A483D0 = {
						CreatedOnToolsVersion = 6.0;
						TestTargetID = 3195EE3B19BF084100A483D0;
					};
				};
			};
			buildConfigurationList = 3195EE3719BF084100A483D0 /* Build configuration list for PBXProject "TouchIDExample" */;
			compatibilityVersion = "Xcode 3.2";
			developmentRegion = English;
			hasScannedForEncodings = 0;
			knownRegions = (
				en,
				Base,
			);
			mainGroup = 3195EE3319BF084100A483D0;
			productRefGroup = 3195EE3D19BF084100A483D0 /* Products */;
			projectDirPath = "";
			projectRoot = "";
			targets = (
				3195EE3B19BF084100A483D0 /* TouchIDExample */,
				3195EE5119BF084100A483D0 /* TouchIDExampleTests */,
			);
		};
/* End PBXProject section */

/* Begin PBXResourcesBuildPhase section */
		3195EE3A19BF084100A483D0 /* Resources */ = {
			isa = PBXResourcesBuildPhase;
			buildActionMask = 2147483647;
			files = (
				3195EE4B19BF084100A483D0 /* Main.storyboard in Resources */,
				3195EE4D19BF084100A483D0 /* Images.xcassets in Resources */,
			);
			runOnlyForDeploymentPostprocessing = 0;
		};
		3195EE5019BF084100A483D0 /* Resources */ = {
			isa = PBXResourcesBuildPhase;
			buildActionMask = 2147483647;
			files = (
			);
			runOnlyForDeploymentPostprocessing = 0;
		};
/* End PBXResourcesBuildPhase section */

/* Begin PBXSourcesBuildPhase section */
		3195EE3819BF084100A483D0 /* Sources */ = {
			isa = PBXSourcesBuildPhase;
			buildActionMask = 2147483647;
			files = (
				3195EE4819BF084100A483D0 /* ViewController.m in Sources */,
				3195EE4519BF084100A483D0 /* AppDelegate.m in Sources */,
				3195EE4219BF084100A483D0 /* main.m in Sources */,
			);
			runOnlyForDeploymentPostprocessing = 0;
		};
		3195EE4E19BF084100A483D0 /* Sources */ = {
			isa = PBXSourcesBuildPhase;
			buildActionMask = 2147483647;
			files = (
				3195EE5919BF084100A483D0 /* TouchIDExampleTests.m in Sources */,
			);
			runOnlyForDeploymentPostprocessing = 0;
		};
/* End PBXSourcesBuildPhase section */

/* Begin PBXTargetDependency section */
		3195EE5419BF084100A483D0 /* PBXTargetDependency */ = {
			isa = PBXTargetDependency;
			target = 3195EE3B19BF084100A483D0 /* TouchIDExample */;
			targetProxy = 3195EE5319BF084100A483D0 /* PBXContainerItemProxy */;
		};
/* End PBXTargetDependency section */

/* Begin PBXVariantGroup section */
		3195EE4919BF084100A483D0 /* Main.storyboard */ = {
			isa = PBXVariantGroup;
			children = (
				3195EE4A19BF084100A483D0 /* Base */,
			);
			name = Main.storyboard;
			sourceTree = "<group>";
		};
/* End PBXVariantGroup section */

/* Begin XCBuildConfiguration section */
		3195EE5A19BF084100A483D0 /* Debug */ = {
			isa = XCBuildConfiguration;
			buildSettings = {
				ALWAYS_SEARCH_USER_PATHS = NO;
				CLANG_CXX_LANGUAGE_STANDARD = "gnu++0x";
				CLANG_CXX_LIBRARY = "libc++";
				CLANG_ENABLE_MODULES = YES;
				CLANG_ENABLE_OBJC_ARC = YES;
				CLANG_WARN_BOOL_CONVERSION = YES;
				CLANG_WARN_CONSTANT_CONVERSION = YES;
				CLANG_WARN_DIRECT_OBJC_ISA_USAGE = YES_ERROR;
				CLANG_WARN_EMPTY_BODY = YES;
				CLANG_WARN_ENUM_CONVERSION = YES;
				CLANG_WARN_INT_CONVERSION = YES;
				CLANG_WARN_OBJC_ROOT_CLASS = YES_ERROR;
				CLANG_WARN_UNREACHABLE_CODE = YES;
				CLANG_WARN__DUPLICATE_METHOD_MATCH = YES;
				"CODE_SIGN_IDENTITY[sdk=iphoneos*]" = "iPhone Developer";
				COPY_PHASE_STRIP = NO;
				ENABLE_STRICT_OBJC_MSGSEND = YES;
				GCC_C_LANGUAGE_STANDARD = gnu99;
				GCC_DYNAMIC_NO_PIC = NO;
				GCC_OPTIMIZATION_LEVEL = 0;
				GCC_PREPROCESSOR_DEFINITIONS = (
					"DEBUG=1",
					"$(inherited)",
				);
				GCC_SYMBOLS_PRIVATE_EXTERN = NO;
				GCC_WARN_64_TO_32_BIT_CONVERSION = YES;
				GCC_WARN_ABOUT_RETURN_TYPE = YES_ERROR;
				GCC_WARN_UNDECLARED_SELECTOR = YES;
				GCC_WARN_UNINITIALIZED_AUTOS = YES_AGGRESSIVE;
				GCC_WARN_UNUSED_FUNCTION = YES;
				GCC_WARN_UNUSED_VARIABLE = YES;
				IPHONEOS_DEPLOYMENT_TARGET = 8.0;
				MTL_ENABLE_DEBUG_INFO = YES;
				ONLY_ACTIVE_ARCH = YES;
				SDKROOT = iphoneos;
			};
			name = Debug;
		};
		3195EE5B19BF084100A483D0 /* Release */ = {
			isa = XCBuildConfiguration;
			buildSettings = {
				ALWAYS_SEARCH_USER_PATHS = NO;
				CLANG_CXX_LANGUAGE_STANDARD = "gnu++0x";
				CLANG_CXX_LIBRARY = "libc++";
				CLANG_ENABLE_MODULES = YES;
				CLANG_ENABLE_OBJC_ARC = YES;
				CLANG_WARN_BOOL_CONVERSION = YES;
				CLANG_WARN_CONSTANT_CONVERSION = YES;
				CLANG_WARN_DIRECT_OBJC_ISA_USAGE = YES_ERROR;
				CLANG_WARN_EMPTY_BODY = YES;
				CLANG_WARN_ENUM_CONVERSION = YES;
				CLANG_WARN_INT_CONVERSION = YES;
				CLANG_WARN_OBJC_ROOT_CLASS = YES_ERROR;
				CLANG_WARN_UNREACHABLE_CODE = YES;
				CLANG_WARN__DUPLICATE_METHOD_MATCH = YES;
				"CODE_SIGN_IDENTITY[sdk=iphoneos*]" = "iPhone Developer";
				COPY_PHASE_STRIP = YES;
				ENABLE_NS_ASSERTIONS = NO;
				ENABLE_STRICT_OBJC_MSGSEND = YES;
				GCC_C_LANGUAGE_STANDARD = gnu99;
				GCC_WARN_64_TO_32_BIT_CONVERSION = YES;
				GCC_WARN_ABOUT_RETURN_TYPE = YES_ERROR;
				GCC_WARN_UNDECLARED_SELECTOR = YES;
				GCC_WARN_UNINITIALIZED_AUTOS = YES_AGGRESSIVE;
				GCC_WARN_UNUSED_FUNCTION = YES;
				GCC_WARN_UNUSED_VARIABLE = YES;
				IPHONEOS_DEPLOYMENT_TARGET = 8.0;
				MTL_ENABLE_DEBUG_INFO = NO;
				SDKROOT = iphoneos;
				VALIDATE_PRODUCT = YES;
			};
			name = Release;
		};
		3195EE5D19BF084100A483D0 /* Debug */ = {
			isa = XCBuildConfiguration;
			buildSettings = {
				ASSETCATALOG_COMPILER_APPICON_NAME = AppIcon;
				ASSETCATALOG_COMPILER_LAUNCHIMAGE_NAME = LaunchImage;
				CODE_SIGN_IDENTITY = "iPhone Developer";
				INFOPLIST_FILE = TouchIDExample/Info.plist;
				LD_RUNPATH_SEARCH_PATHS = "$(inherited) @executable_path/Frameworks";
				PRODUCT_NAME = "$(TARGET_NAME)";
			};
			name = Debug;
		};
		3195EE5E19BF084100A483D0 /* Release */ = {
			isa = XCBuildConfiguration;
			buildSettings = {
				ASSETCATALOG_COMPILER_APPICON_NAME = AppIcon;
				ASSETCATALOG_COMPILER_LAUNCHIMAGE_NAME = LaunchImage;
				CODE_SIGN_IDENTITY = "iPhone Developer";
				INFOPLIST_FILE = TouchIDExample/Info.plist;
				LD_RUNPATH_SEARCH_PATHS = "$(inherited) @executable_path/Frameworks";
				PRODUCT_NAME = "$(TARGET_NAME)";
			};
			name = Release;
		};
		3195EE6019BF084100A483D0 /* Debug */ = {
			isa = XCBuildConfiguration;
			buildSettings = {
				BUNDLE_LOADER = "$(TEST_HOST)";
				FRAMEWORK_SEARCH_PATHS = (
					"$(SDKROOT)/Developer/Library/Frameworks",
					"$(inherited)",
				);
				GCC_PREPROCESSOR_DEFINITIONS = (
					"DEBUG=1",
					"$(inherited)",
				);
				INFOPLIST_FILE = TouchIDExampleTests/Info.plist;
				LD_RUNPATH_SEARCH_PATHS = "$(inherited) @executable_path/Frameworks @loader_path/Frameworks";
				PRODUCT_NAME = "$(TARGET_NAME)";
				TEST_HOST = "$(BUILT_PRODUCTS_DIR)/TouchIDExample.app/TouchIDExample";
			};
			name = Debug;
		};
		3195EE6119BF084100A483D0 /* Release */ = {
			isa = XCBuildConfiguration;
			buildSettings = {
				BUNDLE_LOADER = "$(TEST_HOST)";
				FRAMEWORK_SEARCH_PATHS = (
					"$(SDKROOT)/Developer/Library/Frameworks",
					"$(inherited)",
				);
				INFOPLIST_FILE = TouchIDExampleTests/Info.plist;
				LD_RUNPATH_SEARCH_PATHS = "$(inherited) @executable_path/Frameworks @loader_path/Frameworks";
				PRODUCT_NAME = "$(TARGET_NAME)";
				TEST_HOST = "$(BUILT_PRODUCTS_DIR)/TouchIDExample.app/TouchIDExample";
			};
			name = Release;
		};
/* End XCBuildConfiguration section */

/* Begin XCConfigurationList section */
		3195EE3719BF084100A483D0 /* Build configuration list for PBXProject "TouchIDExample" */ = {
			isa = XCConfigurationList;
			buildConfigurations = (
				3195EE5A19BF084100A483D0 /* Debug */,
				3195EE5B19BF084100A483D0 /* Release */,
			);
			defaultConfigurationIsVisible = 0;
			defaultConfigurationName = Release;
		};
		3195EE5C19BF084100A483D0 /* Build configuration list for PBXNativeTarget "TouchIDExample" */ = {
			isa = XCConfigurationList;
			buildConfigurations = (
				3195EE5D19BF084100A483D0 /* Debug */,
				3195EE5E19BF084100A483D0 /* Release */,
			);
			defaultConfigurationIsVisible = 0;
		};
		3195EE5F19BF084100A483D0 /* Build configuration list for PBXNativeTarget "TouchIDExampleTests" */ = {
			isa = XCConfigurationList;
			buildConfigurations = (
				3195EE6019BF084100A483D0 /* Debug */,
				3195EE6119BF084100A483D0 /* Release */,
			);
			defaultConfigurationIsVisible = 0;
		};
/* End XCConfigurationList section */
	};
	rootObject = 3195EE3419BF084100A483D0 /* Project object */;
}
